
Microsoft Visual Studio Solution File, Format Version 12.00
# Visual Studio 15
VisualStudioVersion = 15.0.28010.2046
MinimumVisualStudioVersion = 10.0.40219.1
Project("{FAE04EC0-301F-11D3-BF4B-00C04F79EFBC}") = "Assembly-CSharp", "Assembly-CSharp.csproj", "{F198FD28-B23F-F9CB-A4E5-3C48D53D8BD6}"
EndProject
Project("{FAE04EC0-301F-11D3-BF4B-00C04F79EFBC}") = "Assembly-CSharp-Editor", "Assembly-CSharp-Editor.csproj", "{67598EC7-96B5-7701-FB11-9714564E1245}"
EndProject
Global
	GlobalSection(SolutionConfigurationPlatforms) = preSolution
		Debug|Any CPU = Debug|Any CPU
		Release|Any CPU = Release|Any CPU
	EndGlobalSection
	GlobalSection(ProjectConfigurationPlatforms) = postSolution
		{F198FD28-B23F-F9CB-A4E5-3C48D53D8BD6}.Debug|Any CPU.ActiveCfg = Debug|Any CPU
		{F198FD28-B23F-F9CB-A4E5-3C48D53D8BD6}.Debug|Any CPU.Build.0 = Debug|Any CPU
		{F198FD28-B23F-F9CB-A4E5-3C48D53D8BD6}.Release|Any CPU.ActiveCfg = Release|Any CPU
		{F198FD28-B23F-F9CB-A4E5-3C48D53D8BD6}.Release|Any CPU.Build.0 = Release|Any CPU
		{67598EC7-96B5-7701-FB11-9714564E1245}.Debug|Any CPU.ActiveCfg = Debug|Any CPU
		{67598EC7-96B5-7701-FB11-9714564E1245}.Debug|Any CPU.Build.0 = Debug|Any CPU
		{67598EC7-96B5-7701-FB11-9714564E1245}.Release|Any CPU.ActiveCfg = Release|Any CPU
		{67598EC7-96B5-7701-FB11-9714564E1245}.Release|Any CPU.Build.0 = Release|Any CPU
	EndGlobalSection
	GlobalSection(SolutionProperties) = preSolution
		HideSolutionNode = FALSE
	EndGlobalSection
	GlobalSection(ExtensibilityGlobals) = postSolution
		SolutionGuid = {F538A70F-9220-4295-B041-81BAE53EDE96}
	EndGlobalSection
EndGlobal
